{
    "dama/doctrine-test-bundle": {
        "version": "8.6",
        "recipe": {
            "repo": "github.com/symfony/recipes-contrib",
            "branch": "main",
            "version": "8.3",
            "ref": "dfc51177476fb39d014ed89944cde53dc3326d23"
        }
    },
    "doctrine/deprecations": {
        "version": "1.1",
        "recipe": {
            "repo": "github.com/symfony/recipes",
            "branch": "main",
            "version": "1.0",
            "ref": "87424683adc81d7dc305eefec1fced883084aab9"
        }
    },
    "doctrine/doctrine-bundle": {
        "version": "3.2",
        "recipe": {
            "repo": "github.com/symfony/recipes",
            "branch": "main",
            "version": "3.0",
            "ref": "18ee08e513ba0303fd09a01fc1c934870af06ffa"
        },
        "files": [
            "config/packages/doctrine.yaml",
            "src/Entity/.gitignore",
            "src/Repository/.gitignore"
        ]
    },
    "friends-of-behat/symfony-extension": {
        "version": "2.6",
        "recipe": {
            "repo": "github.com/symfony/recipes-contrib",
            "branch": "main",
            "version": "2.0",
            "ref": "1e012e04f573524ca83795cd19df9ea690adb604"
        }
    },
    "phpunit/phpunit": {
        "version": "12.5",
        "recipe": {
            "repo": "github.com/symfony/recipes",
            "branch": "main",
            "version": "11.1",
            "ref": "1117deb12541f35793eec9fff7494d7aa12283fc"
        },
        "files": [
            ".env.test",
            "phpunit.dist.xml",
            "tests/bootstrap.php",
            "bin/phpunit"
        ]
    },
    "symfony/console": {
        "version": "7.4",
        "recipe": {
            "repo": "github.com/symfony/recipes",
            "branch": "main",
            "version": "5.3",
            "ref": "1781ff40d8a17d87cf53f8d4cf0c8346ed2bb461"
        },
        "files": [
            "bin/console"
        ]
    },
    "symfony/flex": {
        "version": "2.10",
        "recipe": {
            "repo": "github.com/symfony/recipes",
            "branch": "main",
            "version": "2.4",
            "ref": "52e9754527a15e2b79d9a610f98185a1fe46622a"
        },
        "files": [
            ".env",
            ".env.dev"
        ]
    },
    "symfony/framework-bundle": {
        "version": "8.0",
        "recipe": {
            "repo": "github.com/symfony/recipes",
            "branch": "main",
            "version": "7.4",
            "ref": "09f6e081c763a206802674ce0cb34a022f0ffc6d"
        },
        "files": [
            "config/packages/cache.yaml",
            "config/packages/framework.yaml",
            "config/preload.php",
            "config/routes/framework.yaml",
            "config/services.yaml",
            "public/index.php",
            "src/Controller/.gitignore",
            "src/Kernel.php",
            ".editorconfig"
        ]
    },
    "symfony/property-info": {
        "version": "8.0",
        "recipe": {
            "repo": "github.com/symfony/recipes",
            "branch": "main",
            "version": "7.3",
            "ref": "dae70df71978ae9226ae915ffd5fad817f5ca1f7"
        },
        "files": [
            "config/packages/property_info.yaml"
        ]
    },
    "symfony/routing": {
        "version": "8.0",
        "recipe": {
            "repo": "github.com/symfony/recipes",
            "branch": "main",
            "version": "7.4",
            "ref": "bc94c4fd86f393f3ab3947c18b830ea343e51ded"
        },
        "files": [
            "config/packages/routing.yaml",
            "config/routes.yaml"
        ]
    },
    "symfony/translation": {
        "version": "7.4",
        "recipe": {
            "repo": "github.com/symfony/recipes",
            "branch": "main",
            "version": "6.3",
            "ref": "620a1b84865ceb2ba304c8f8bf2a185fbf32a843"
        },
        "files": [
            "config/packages/translation.yaml",
            "translations/.gitignore"
        ]
    },
    "symfony/uid": {
        "version": "8.0",
        "recipe": {
            "repo": "github.com/symfony/recipes",
            "branch": "main",
            "version": "7.0",
            "ref": "0df5844274d871b37fc3816c57a768ffc60a43a5"
        }
    },
    "zenstruck/foundry": {
        "version": "2.9",
        "recipe": {
            "repo": "github.com/symfony/recipes",
            "branch": "main",
            "version": "2.7",
            "ref": "7fc98f546dfeaa83cc2110634f8ff078d070b965"
        },
        "files": [
            "config/packages/zenstruck_foundry.yaml",
            "src/Story/AppStory.php"
        ]
    }
}
